// !$*UTF8*$!
{
	archiveVersion = 1;
	classes = {
	};
	objectVersion = 46;
	objects = {

/* Begin PBXBuildFile section */
		32EBAE701BB757AF00B136BF /* AppDelegate.swift in Sources */ = {isa = PBXBuildFile; fileRef = 32EBAE6F1BB757AF00B136BF /* AppDelegate.swift */; };
		32EBAE721BB757AF00B136BF /* ViewController.swift in Sources */ = {isa = PBXBuildFile; fileRef = 32EBAE711BB757AF00B136BF /* ViewController.swift */; };
		32EBAE751BB757AF00B136BF /* Main.storyboard in Resources */ = {isa = PBXBuildFile; fileRef = 32EBAE731BB757AF00B136BF /* Main.storyboard */; };
		32EBAE771BB757AF00B136BF /* Assets.xcassets in Resources */ = {isa = PBXBuildFile; fileRef = 32EBAE761BB757AF00B136BF /* Assets.xcassets */; };
		32EBAE7A1BB757AF00B136BF /* LaunchScreen.storyboard in Resources */ = {isa = PBXBuildFile; fileRef = 32EBAE781BB757AF00B136BF /* LaunchScreen.storyboard */; };
/* End PBXBuildFile section */

/* Begin PBXFileReference section */
		32EBAE6C1BB757AF00B136BF /* guessingGame.app */ = {isa = PBXFileReference; explicitFileType = wrapper.application; includeInIndex = 0; path = guessingGame.app; sourceTree = BUILT_PRODUCTS_DIR; };
		32EBAE6F1BB757AF00B136BF /* AppDelegate.swift */ = {isa = PBXFileReference; lastKnownFileType = sourcecode.swift; path = AppDelegate.swift; sourceTree = "<group>"; };
		32EBAE711BB757AF00B136BF /* ViewController.swift */ = {isa = PBXFileReference; lastKnownFileType = sourcecode.swift; path = ViewController.swift; sourceTree = "<group>"; };
		32EBAE741BB757AF00B136BF /* Base */ = {isa = PBXFileReference; lastKnownFileType = file.storyboard; name = Base; path = Base.lproj/Main.storyboard; sourceTree = "<group>"; };
		32EBAE761BB757AF00B136BF /* Assets.xcassets */ = {isa = PBXFileReference; lastKnownFileType = folder.assetcatalog; path = Assets.xcassets; sourceTree = "<group>"; };
		32EBAE791BB757AF00B136BF /* Base */ = {isa = PBXFileReference; lastKnownFileType = file.storyboard; name = Base; path = Base.lproj/LaunchScreen.storyboard; sourceTree = "<group>"; };
		32EBAE7B1BB757AF00B136BF /* Info.plist */ = {isa = PBXFileReference; lastKnownFileType = text.plist.xml; path = Info.plist; sourceTree = "<group>"; };
/* End PBXFileReference section */

/* Begin PBXFrameworksBuildPhase section */
		32EBAE691BB757AF00B136BF /* Frameworks */ = {
			isa = PBXFrameworksBuildPhase;
			buildActionMask = 2147483647;
			files = (
			);
			runOnlyForDeploymentPostprocessing = 0;
		};
/* End PBXFrameworksBuildPhase section */

/* Begin PBXGroup section */
		32EBAE631BB757AF00B136BF = {
			isa = PBXGroup;
			children = (
				32EBAE6E1BB757AF00B136BF /* guessingGame */,
				32EBAE6D1BB757AF00B136BF /* Products */,
			);
			sourceTree = "<group>";
		};
		32EBAE6D1BB757AF00B136BF /* Products */ = {
			isa = PBXGroup;
			children = (
				32EBAE6C1BB757AF00B136BF /* guessingGame.app */,
			);
			name = Products;
			sourceTree = "<group>";
		};
		32EBAE6E1BB757AF00B136BF /* guessingGame */ = {
			isa = PBXGroup;
			children = (
				32EBAE6F1BB757AF00B136BF /* AppDelegate.swift */,
				32EBAE711BB757AF00B136BF /* ViewController.swift */,
				32EBAE731BB757AF00B136BF /* Main.storyboard */,
				32EBAE761BB757AF00B136BF /* Assets.xcassets */,
				32EBAE781BB757AF00B136BF /* LaunchScreen.storyboard */,
				32EBAE7B1BB757AF00B136BF /* Info.plist */,
			);
			path = guessingGame;
			sourceTree = "<group>";
		};
/* End PBXGroup section */

/* Begin PBXNativeTarget section */
		32EBAE6B1BB757AF00B136BF /* guessingGame */ = {
			isa = PBXNativeTarget;
			buildConfigurationList = 32EBAE7E1BB757AF00B136BF /* Build configuration list for PBXNativeTarget "guessingGame" */;
			buildPhases = (
				32EBAE681BB757AF00B136BF /* Sources */,
				32EBAE691BB757AF00B136BF /* Frameworks */,
				32EBAE6A1BB757AF00B136BF /* Resources */,
			);
			buildRules = (
			);
			dependencies = (
			);
			name = guessingGame;
			productName = guessingGame;
			productReference = 32EBAE6C1BB757AF00B136BF /* guessingGame.app */;
			productType = "com.apple.product-type.application";
		};
/* End PBXNativeTarget section */

/* Begin PBXProject section */
		32EBAE641BB757AF00B136BF /* Project object */ = {
			isa = PBXProject;
			attributes = {
				LastUpgradeCheck = 0700;
				ORGANIZATIONNAME = "John Maddux";
				TargetAttributes = {
					32EBAE6B1BB757AF00B136BF = {
						CreatedOnToolsVersion = 7.0;
						DevelopmentTeam = JBT269V3SY;
					};
				};
			};
			buildConfigurationList = 32EBAE671BB757AF00B136BF /* Build configuration list for PBXProject "guessingGame" */;
			compatibilityVersion = "Xcode 3.2";
			developmentRegion = English;
			hasScannedForEncodings = 0;
			knownRegions = (
				en,
				Base,
			);
			mainGroup = 32EBAE631BB757AF00B136BF;
			productRefGroup = 32EBAE6D1BB757AF00B136BF /* Products */;
			projectDirPath = "";
			projectRoot = "";
			targets = (
				32EBAE6B1BB757AF00B136BF /* guessingGame */,
			);
		};
/* End PBXProject section */

/* Begin PBXResourcesBuildPhase section */
		32EBAE6A1BB757AF00B136BF /* Resources */ = {
			isa = PBXResourcesBuildPhase;
			buildActionMask = 2147483647;
			files = (
				32EBAE7A1BB757AF00B136BF /* LaunchScreen.storyboard in Resources */,
				32EBAE771BB757AF00B136BF /* Assets.xcassets in Resources */,
				32EBAE751BB757AF00B136BF /* Main.storyboard in Resources */,
			);
			runOnlyForDeploymentPostprocessing = 0;
		};
/* End PBXResourcesBuildPhase section */

/* Begin PBXSourcesBuildPhase section */
		32EBAE681BB757AF00B136BF /* Sources */ = {
			isa = PBXSourcesBuildPhase;
			buildActionMask = 2147483647;
			files = (
				32EBAE721BB757AF00B136BF /* ViewController.swift in Sources */,
				32EBAE701BB757AF00B136BF /* AppDelegate.swift in Sources */,
			);
			runOnlyForDeploymentPostprocessing = 0;
		};
/* End PBXSourcesBuildPhase section */

/* Begin PBXVariantGroup section */
		32EBAE731BB757AF00B136BF /* Main.storyboard */ = {
			isa = PBXVariantGroup;
			children = (
				32EBAE741BB757AF00B136BF /* Base */,
			);
			name = Main.storyboard;
			sourceTree = "<group>";
		};
		32EBAE781BB757AF00B136BF /* LaunchScreen.storyboard */ = {
			isa = PBXVariantGroup;
			children = (
				32EBAE791BB757AF00B136BF /* Base */,
			);
			name = LaunchScreen.storyboard;
			sourceTree = "<group>";
		};
/* End PBXVariantGroup section */

/* Begin XCBuildConfiguration section */
		32EBAE7C1BB757AF00B136BF /* Debug */ = {
			isa = XCBuildConfiguration;
			buildSettings = {
				ALWAYS_SEARCH_USER_PATHS = NO;
				CLANG_CXX_LANGUAGE_STANDARD = "gnu++0x";
				CLANG_CXX_LIBRARY = "libc++";
				CLANG_ENABLE_MODULES = YES;
				CLANG_ENABLE_OBJC_ARC = YES;
				CLANG_WARN_BOOL_CONVERSION = YES;
				CLANG_WARN_CONSTANT_CONVERSION = YES;
				CLANG_WARN_DIRECT_OBJC_ISA_USAGE = YES_ERROR;
				CLANG_WARN_EMPTY_BODY = YES;
				CLANG_WARN_ENUM_CONVERSION = YES;
				CLANG_WARN_INT_CONVERSION = YES;
				CLANG_WARN_OBJC_ROOT_CLASS = YES_ERROR;
				CLANG_WARN_UNREACHABLE_CODE = YES;
				CLANG_WARN__DUPLICATE_METHOD_MATCH = YES;
				"CODE_SIGN_IDENTITY[sdk=iphoneos*]" = "iPhone Developer";
				COPY_PHASE_STRIP = NO;
				DEBUG_INFORMATION_FORMAT = dwarf;
				ENABLE_STRICT_OBJC_MSGSEND = YES;
				ENABLE_TESTABILITY = YES;
				GCC_C_LANGUAGE_STANDARD = gnu99;
				GCC_DYNAMIC_NO_PIC = NO;
				GCC_NO_COMMON_BLOCKS = YES;
				GCC_OPTIMIZATION_LEVEL = 0;
				GCC_PREPROCESSOR_DEFINITIONS = (
					"DEBUG=1",
					"$(inherited)",
				);
				GCC_WARN_64_TO_32_BIT_CONVERSION = YES;
				GCC_WARN_ABOUT_RETURN_TYPE = YES_ERROR;
				GCC_WARN_UNDECLARED_SELECTOR = YES;
				GCC_WARN_UNINITIALIZED_AUTOS = YES_AGGRESSIVE;
				GCC_WARN_UNUSED_FUNCTION = YES;
				GCC_WARN_UNUSED_VARIABLE = YES;
				IPHONEOS_DEPLOYMENT_TARGET = 9.0;
				MTL_ENABLE_DEBUG_INFO = YES;
				ONLY_ACTIVE_ARCH = YES;
				SDKROOT = iphoneos;
				SWIFT_OPTIMIZATION_LEVEL = "-Onone";
				TARGETED_DEVICE_FAMILY = "1,2";
			};
			name = Debug;
		};
		32EBAE7D1BB757AF00B136BF /* Release */ = {
			isa = XCBuildConfiguration;
			buildSettings = {
				ALWAYS_SEARCH_USER_PATHS = NO;
				CLANG_CXX_LANGUAGE_STANDARD = "gnu++0x";
				CLANG_CXX_LIBRARY = "libc++";
				CLANG_ENABLE_MODULES = YES;
				CLANG_ENABLE_OBJC_ARC = YES;
				CLANG_WARN_BOOL_CONVERSION = YES;
				CLANG_WARN_CONSTANT_CONVERSION = YES;
				CLANG_WARN_DIRECT_OBJC_ISA_USAGE = YES_ERROR;
				CLANG_WARN_EMPTY_BODY = YES;
				CLANG_WARN_ENUM_CONVERSION = YES;
				CLANG_WARN_INT_CONVERSION = YES;
				CLANG_WARN_OBJC_ROOT_CLASS = YES_ERROR;
				CLANG_WARN_UNREACHABLE_CODE = YES;
				CLANG_WARN__DUPLICATE_METHOD_MATCH = YES;
				"CODE_SIGN_IDENTITY[sdk=iphoneos*]" = "iPhone Developer";
				COPY_PHASE_STRIP = NO;
				DEBUG_INFORMATION_FORMAT = "dwarf-with-dsym";
				ENABLE_NS_ASSERTIONS = NO;
				ENABLE_STRICT_OBJC_MSGSEND = YES;
				GCC_C_LANGUAGE_STANDARD = gnu99;
				GCC_NO_COMMON_BLOCKS = YES;
				GCC_WARN_64_TO_32_BIT_CONVERSION = YES;
				GCC_WARN_ABOUT_RETURN_TYPE = YES_ERROR;
				GCC_WARN_UNDECLARED_SELECTOR = YES;
				GCC_WARN_UNINITIALIZED_AUTOS = YES_AGGRESSIVE;
				GCC_WARN_UNUSED_FUNCTION = YES;
				GCC_WARN_UNUSED_VARIABLE = YES;
				IPHONEOS_DEPLOYMENT_TARGET = 9.0;
				MTL_ENABLE_DEBUG_INFO = NO;
				SDKROOT = iphoneos;
				TARGETED_DEVICE_FAMILY = "1,2";
				VALIDATE_PRODUCT = YES;
			};
			name = Release;
		};
		32EBAE7F1BB757AF00B136BF /* Debug */ = {
			isa = XCBuildConfiguration;
			buildSettings = {
				ASSETCATALOG_COMPILER_APPICON_NAME = AppIcon;
				INFOPLIST_FILE = guessingGame/Info.plist;
				LD_RUNPATH_SEARCH_PATHS = "$(inherited) @executable_path/Frameworks";
				PRODUCT_BUNDLE_IDENTIFIER = com.jemaddux.guessingGame;
				PRODUCT_NAME = "$(TARGET_NAME)";
			};
			name = Debug;
		};
		32EBAE801BB757AF00B136BF /* Release */ = {
			isa = XCBuildConfiguration;
			buildSettings = {
				ASSETCATALOG_COMPILER_APPICON_NAME = AppIcon;
				INFOPLIST_FILE = guessingGame/Info.plist;
				LD_RUNPATH_SEARCH_PATHS = "$(inherited) @executable_path/Frameworks";
				PRODUCT_BUNDLE_IDENTIFIER = com.jemaddux.guessingGame;
				PRODUCT_NAME = "$(TARGET_NAME)";
			};
			name = Release;
		};
/* End XCBuildConfiguration section */

/* Begin XCConfigurationList section */
		32EBAE671BB757AF00B136BF /* Build configuration list for PBXProject "guessingGame" */ = {
			isa = XCConfigurationList;
			buildConfigurations = (
				32EBAE7C1BB757AF00B136BF /* Debug */,
				32EBAE7D1BB757AF00B136BF /* Release */,
			);
			defaultConfigurationIsVisible = 0;
			defaultConfigurationName = Release;
		};
		32EBAE7E1BB757AF00B136BF /* Build configuration list for PBXNativeTarget "guessingGame" */ = {
			isa = XCConfigurationList;
			buildConfigurations = (
				32EBAE7F1BB757AF00B136BF /* Debug */,
				32EBAE801BB757AF00B136BF /* Release */,
			);
			defaultConfigurationIsVisible = 0;
		};
/* End XCConfigurationList section */
	};
	rootObject = 32EBAE641BB757AF00B136BF /* Project object */;
}
