// !$*UTF8*$!
{
	archiveVersion = 1;
	classes = {
	};
	objectVersion = 46;
	objects = {

/* Begin PBXBuildFile section */
		32435F691BBDFE2900F2A12D /* AppDelegate.swift in Sources */ = {isa = PBXBuildFile; fileRef = 32435F681BBDFE2900F2A12D /* AppDelegate.swift */; };
		32435F6B1BBDFE2900F2A12D /* ViewController.swift in Sources */ = {isa = PBXBuildFile; fileRef = 32435F6A1BBDFE2900F2A12D /* ViewController.swift */; };
		32435F6E1BBDFE2900F2A12D /* Main.storyboard in Resources */ = {isa = PBXBuildFile; fileRef = 32435F6C1BBDFE2900F2A12D /* Main.storyboard */; };
		32435F701BBDFE2900F2A12D /* Assets.xcassets in Resources */ = {isa = PBXBuildFile; fileRef = 32435F6F1BBDFE2900F2A12D /* Assets.xcassets */; };
		32435F731BBDFE2900F2A12D /* LaunchScreen.storyboard in Resources */ = {isa = PBXBuildFile; fileRef = 32435F711BBDFE2900F2A12D /* LaunchScreen.storyboard */; };
/* End PBXBuildFile section */

/* Begin PBXFileReference section */
		32435F651BBDFE2900F2A12D /* Permanent Storage.app */ = {isa = PBXFileReference; explicitFileType = wrapper.application; includeInIndex = 0; path = "Permanent Storage.app"; sourceTree = BUILT_PRODUCTS_DIR; };
		32435F681BBDFE2900F2A12D /* AppDelegate.swift */ = {isa = PBXFileReference; lastKnownFileType = sourcecode.swift; path = AppDelegate.swift; sourceTree = "<group>"; };
		32435F6A1BBDFE2900F2A12D /* ViewController.swift */ = {isa = PBXFileReference; lastKnownFileType = sourcecode.swift; path = ViewController.swift; sourceTree = "<group>"; };
		32435F6D1BBDFE2900F2A12D /* Base */ = {isa = PBXFileReference; lastKnownFileType = file.storyboard; name = Base; path = Base.lproj/Main.storyboard; sourceTree = "<group>"; };
		32435F6F1BBDFE2900F2A12D /* Assets.xcassets */ = {isa = PBXFileReference; lastKnownFileType = folder.assetcatalog; path = Assets.xcassets; sourceTree = "<group>"; };
		32435F721BBDFE2900F2A12D /* Base */ = {isa = PBXFileReference; lastKnownFileType = file.storyboard; name = Base; path = Base.lproj/LaunchScreen.storyboard; sourceTree = "<group>"; };
		32435F741BBDFE2900F2A12D /* Info.plist */ = {isa = PBXFileReference; lastKnownFileType = text.plist.xml; path = Info.plist; sourceTree = "<group>"; };
/* End PBXFileReference section */

/* Begin PBXFrameworksBuildPhase section */
		32435F621BBDFE2900F2A12D /* Frameworks */ = {
			isa = PBXFrameworksBuildPhase;
			buildActionMask = 2147483647;
			files = (
			);
			runOnlyForDeploymentPostprocessing = 0;
		};
/* End PBXFrameworksBuildPhase section */

/* Begin PBXGroup section */
		32435F5C1BBDFE2900F2A12D = {
			isa = PBXGroup;
			children = (
				32435F671BBDFE2900F2A12D /* Permanent Storage */,
				32435F661BBDFE2900F2A12D /* Products */,
			);
			sourceTree = "<group>";
		};
		32435F661BBDFE2900F2A12D /* Products */ = {
			isa = PBXGroup;
			children = (
				32435F651BBDFE2900F2A12D /* Permanent Storage.app */,
			);
			name = Products;
			sourceTree = "<group>";
		};
		32435F671BBDFE2900F2A12D /* Permanent Storage */ = {
			isa = PBXGroup;
			children = (
				32435F681BBDFE2900F2A12D /* AppDelegate.swift */,
				32435F6A1BBDFE2900F2A12D /* ViewController.swift */,
				32435F6C1BBDFE2900F2A12D /* Main.storyboard */,
				32435F6F1BBDFE2900F2A12D /* Assets.xcassets */,
				32435F711BBDFE2900F2A12D /* LaunchScreen.storyboard */,
				32435F741BBDFE2900F2A12D /* Info.plist */,
			);
			path = "Permanent Storage";
			sourceTree = "<group>";
		};
/* End PBXGroup section */

/* Begin PBXNativeTarget section */
		32435F641BBDFE2900F2A12D /* Permanent Storage */ = {
			isa = PBXNativeTarget;
			buildConfigurationList = 32435F771BBDFE2900F2A12D /* Build configuration list for PBXNativeTarget "Permanent Storage" */;
			buildPhases = (
				32435F611BBDFE2900F2A12D /* Sources */,
				32435F621BBDFE2900F2A12D /* Frameworks */,
				32435F631BBDFE2900F2A12D /* Resources */,
			);
			buildRules = (
			);
			dependencies = (
			);
			name = "Permanent Storage";
			productName = "Permanent Storage";
			productReference = 32435F651BBDFE2900F2A12D /* Permanent Storage.app */;
			productType = "com.apple.product-type.application";
		};
/* End PBXNativeTarget section */

/* Begin PBXProject section */
		32435F5D1BBDFE2900F2A12D /* Project object */ = {
			isa = PBXProject;
			attributes = {
				LastUpgradeCheck = 0700;
				ORGANIZATIONNAME = "John Maddux";
				TargetAttributes = {
					32435F641BBDFE2900F2A12D = {
						CreatedOnToolsVersion = 7.0;
						DevelopmentTeam = JBT269V3SY;
					};
				};
			};
			buildConfigurationList = 32435F601BBDFE2900F2A12D /* Build configuration list for PBXProject "Permanent Storage" */;
			compatibilityVersion = "Xcode 3.2";
			developmentRegion = English;
			hasScannedForEncodings = 0;
			knownRegions = (
				en,
				Base,
			);
			mainGroup = 32435F5C1BBDFE2900F2A12D;
			productRefGroup = 32435F661BBDFE2900F2A12D /* Products */;
			projectDirPath = "";
			projectRoot = "";
			targets = (
				32435F641BBDFE2900F2A12D /* Permanent Storage */,
			);
		};
/* End PBXProject section */

/* Begin PBXResourcesBuildPhase section */
		32435F631BBDFE2900F2A12D /* Resources */ = {
			isa = PBXResourcesBuildPhase;
			buildActionMask = 2147483647;
			files = (
				32435F731BBDFE2900F2A12D /* LaunchScreen.storyboard in Resources */,
				32435F701BBDFE2900F2A12D /* Assets.xcassets in Resources */,
				32435F6E1BBDFE2900F2A12D /* Main.storyboard in Resources */,
			);
			runOnlyForDeploymentPostprocessing = 0;
		};
/* End PBXResourcesBuildPhase section */

/* Begin PBXSourcesBuildPhase section */
		32435F611BBDFE2900F2A12D /* Sources */ = {
			isa = PBXSourcesBuildPhase;
			buildActionMask = 2147483647;
			files = (
				32435F6B1BBDFE2900F2A12D /* ViewController.swift in Sources */,
				32435F691BBDFE2900F2A12D /* AppDelegate.swift in Sources */,
			);
			runOnlyForDeploymentPostprocessing = 0;
		};
/* End PBXSourcesBuildPhase section */

/* Begin PBXVariantGroup section */
		32435F6C1BBDFE2900F2A12D /* Main.storyboard */ = {
			isa = PBXVariantGroup;
			children = (
				32435F6D1BBDFE2900F2A12D /* Base */,
			);
			name = Main.storyboard;
			sourceTree = "<group>";
		};
		32435F711BBDFE2900F2A12D /* LaunchScreen.storyboard */ = {
			isa = PBXVariantGroup;
			children = (
				32435F721BBDFE2900F2A12D /* Base */,
			);
			name = LaunchScreen.storyboard;
			sourceTree = "<group>";
		};
/* End PBXVariantGroup section */

/* Begin XCBuildConfiguration section */
		32435F751BBDFE2900F2A12D /* Debug */ = {
			isa = XCBuildConfiguration;
			buildSettings = {
				ALWAYS_SEARCH_USER_PATHS = NO;
				CLANG_CXX_LANGUAGE_STANDARD = "gnu++0x";
				CLANG_CXX_LIBRARY = "libc++";
				CLANG_ENABLE_MODULES = YES;
				CLANG_ENABLE_OBJC_ARC = YES;
				CLANG_WARN_BOOL_CONVERSION = YES;
				CLANG_WARN_CONSTANT_CONVERSION = YES;
				CLANG_WARN_DIRECT_OBJC_ISA_USAGE = YES_ERROR;
				CLANG_WARN_EMPTY_BODY = YES;
				CLANG_WARN_ENUM_CONVERSION = YES;
				CLANG_WARN_INT_CONVERSION = YES;
				CLANG_WARN_OBJC_ROOT_CLASS = YES_ERROR;
				CLANG_WARN_UNREACHABLE_CODE = YES;
				CLANG_WARN__DUPLICATE_METHOD_MATCH = YES;
				"CODE_SIGN_IDENTITY[sdk=iphoneos*]" = "iPhone Developer";
				COPY_PHASE_STRIP = NO;
				DEBUG_INFORMATION_FORMAT = dwarf;
				ENABLE_STRICT_OBJC_MSGSEND = YES;
				ENABLE_TESTABILITY = YES;
				GCC_C_LANGUAGE_STANDARD = gnu99;
				GCC_DYNAMIC_NO_PIC = NO;
				GCC_NO_COMMON_BLOCKS = YES;
				GCC_OPTIMIZATION_LEVEL = 0;
				GCC_PREPROCESSOR_DEFINITIONS = (
					"DEBUG=1",
					"$(inherited)",
				);
				GCC_WARN_64_TO_32_BIT_CONVERSION = YES;
				GCC_WARN_ABOUT_RETURN_TYPE = YES_ERROR;
				GCC_WARN_UNDECLARED_SELECTOR = YES;
				GCC_WARN_UNINITIALIZED_AUTOS = YES_AGGRESSIVE;
				GCC_WARN_UNUSED_FUNCTION = YES;
				GCC_WARN_UNUSED_VARIABLE = YES;
				IPHONEOS_DEPLOYMENT_TARGET = 9.0;
				MTL_ENABLE_DEBUG_INFO = YES;
				ONLY_ACTIVE_ARCH = YES;
				SDKROOT = iphoneos;
				SWIFT_OPTIMIZATION_LEVEL = "-Onone";
				TARGETED_DEVICE_FAMILY = "1,2";
			};
			name = Debug;
		};
		32435F761BBDFE2900F2A12D /* Release */ = {
			isa = XCBuildConfiguration;
			buildSettings = {
				ALWAYS_SEARCH_USER_PATHS = NO;
				CLANG_CXX_LANGUAGE_STANDARD = "gnu++0x";
				CLANG_CXX_LIBRARY = "libc++";
				CLANG_ENABLE_MODULES = YES;
				CLANG_ENABLE_OBJC_ARC = YES;
				CLANG_WARN_BOOL_CONVERSION = YES;
				CLANG_WARN_CONSTANT_CONVERSION = YES;
				CLANG_WARN_DIRECT_OBJC_ISA_USAGE = YES_ERROR;
				CLANG_WARN_EMPTY_BODY = YES;
				CLANG_WARN_ENUM_CONVERSION = YES;
				CLANG_WARN_INT_CONVERSION = YES;
				CLANG_WARN_OBJC_ROOT_CLASS = YES_ERROR;
				CLANG_WARN_UNREACHABLE_CODE = YES;
				CLANG_WARN__DUPLICATE_METHOD_MATCH = YES;
				"CODE_SIGN_IDENTITY[sdk=iphoneos*]" = "iPhone Developer";
				COPY_PHASE_STRIP = NO;
				DEBUG_INFORMATION_FORMAT = "dwarf-with-dsym";
				ENABLE_NS_ASSERTIONS = NO;
				ENABLE_STRICT_OBJC_MSGSEND = YES;
				GCC_C_LANGUAGE_STANDARD = gnu99;
				GCC_NO_COMMON_BLOCKS = YES;
				GCC_WARN_64_TO_32_BIT_CONVERSION = YES;
				GCC_WARN_ABOUT_RETURN_TYPE = YES_ERROR;
				GCC_WARN_UNDECLARED_SELECTOR = YES;
				GCC_WARN_UNINITIALIZED_AUTOS = YES_AGGRESSIVE;
				GCC_WARN_UNUSED_FUNCTION = YES;
				GCC_WARN_UNUSED_VARIABLE = YES;
				IPHONEOS_DEPLOYMENT_TARGET = 9.0;
				MTL_ENABLE_DEBUG_INFO = NO;
				SDKROOT = iphoneos;
				TARGETED_DEVICE_FAMILY = "1,2";
				VALIDATE_PRODUCT = YES;
			};
			name = Release;
		};
		32435F781BBDFE2900F2A12D /* Debug */ = {
			isa = XCBuildConfiguration;
			buildSettings = {
				ASSETCATALOG_COMPILER_APPICON_NAME = AppIcon;
				INFOPLIST_FILE = "Permanent Storage/Info.plist";
				LD_RUNPATH_SEARCH_PATHS = "$(inherited) @executable_path/Frameworks";
				PRODUCT_BUNDLE_IDENTIFIER = "com.jemaddux.Permanent-Storage";
				PRODUCT_NAME = "$(TARGET_NAME)";
			};
			name = Debug;
		};
		32435F791BBDFE2900F2A12D /* Release */ = {
			isa = XCBuildConfiguration;
			buildSettings = {
				ASSETCATALOG_COMPILER_APPICON_NAME = AppIcon;
				INFOPLIST_FILE = "Permanent Storage/Info.plist";
				LD_RUNPATH_SEARCH_PATHS = "$(inherited) @executable_path/Frameworks";
				PRODUCT_BUNDLE_IDENTIFIER = "com.jemaddux.Permanent-Storage";
				PRODUCT_NAME = "$(TARGET_NAME)";
			};
			name = Release;
		};
/* End XCBuildConfiguration section */

/* Begin XCConfigurationList section */
		32435F601BBDFE2900F2A12D /* Build configuration list for PBXProject "Permanent Storage" */ = {
			isa = XCConfigurationList;
			buildConfigurations = (
				32435F751BBDFE2900F2A12D /* Debug */,
				32435F761BBDFE2900F2A12D /* Release */,
			);
			defaultConfigurationIsVisible = 0;
			defaultConfigurationName = Release;
		};
		32435F771BBDFE2900F2A12D /* Build configuration list for PBXNativeTarget "Permanent Storage" */ = {
			isa = XCConfigurationList;
			buildConfigurations = (
				32435F781BBDFE2900F2A12D /* Debug */,
				32435F791BBDFE2900F2A12D /* Release */,
			);
			defaultConfigurationIsVisible = 0;
		};
/* End XCConfigurationList section */
	};
	rootObject = 32435F5D1BBDFE2900F2A12D /* Project object */;
}
