// !$*UTF8*$!
{
	archiveVersion = 1;
	classes = {
	};
	objectVersion = 46;
	objects = {

/* Begin PBXBuildFile section */
		326246E71BC1884200A8678C /* AppDelegate.swift in Sources */ = {isa = PBXBuildFile; fileRef = 326246E61BC1884200A8678C /* AppDelegate.swift */; };
		326246E91BC1884200A8678C /* ViewController.swift in Sources */ = {isa = PBXBuildFile; fileRef = 326246E81BC1884200A8678C /* ViewController.swift */; };
		326246EC1BC1884200A8678C /* Main.storyboard in Resources */ = {isa = PBXBuildFile; fileRef = 326246EA1BC1884200A8678C /* Main.storyboard */; };
		326246EE1BC1884200A8678C /* Assets.xcassets in Resources */ = {isa = PBXBuildFile; fileRef = 326246ED1BC1884200A8678C /* Assets.xcassets */; };
		326246F11BC1884200A8678C /* LaunchScreen.storyboard in Resources */ = {isa = PBXBuildFile; fileRef = 326246EF1BC1884200A8678C /* LaunchScreen.storyboard */; };
		326246F91BC1896800A8678C /* DSC_7027.JPG in Resources */ = {isa = PBXBuildFile; fileRef = 326246F81BC1896800A8678C /* DSC_7027.JPG */; settings = {ASSET_TAGS = (); }; };
/* End PBXBuildFile section */

/* Begin PBXFileReference section */
		326246E31BC1884200A8678C /* What is the Weather.app */ = {isa = PBXFileReference; explicitFileType = wrapper.application; includeInIndex = 0; path = "What is the Weather.app"; sourceTree = BUILT_PRODUCTS_DIR; };
		326246E61BC1884200A8678C /* AppDelegate.swift */ = {isa = PBXFileReference; lastKnownFileType = sourcecode.swift; path = AppDelegate.swift; sourceTree = "<group>"; };
		326246E81BC1884200A8678C /* ViewController.swift */ = {isa = PBXFileReference; lastKnownFileType = sourcecode.swift; path = ViewController.swift; sourceTree = "<group>"; };
		326246EB1BC1884200A8678C /* Base */ = {isa = PBXFileReference; lastKnownFileType = file.storyboard; name = Base; path = Base.lproj/Main.storyboard; sourceTree = "<group>"; };
		326246ED1BC1884200A8678C /* Assets.xcassets */ = {isa = PBXFileReference; lastKnownFileType = folder.assetcatalog; path = Assets.xcassets; sourceTree = "<group>"; };
		326246F01BC1884200A8678C /* Base */ = {isa = PBXFileReference; lastKnownFileType = file.storyboard; name = Base; path = Base.lproj/LaunchScreen.storyboard; sourceTree = "<group>"; };
		326246F21BC1884200A8678C /* Info.plist */ = {isa = PBXFileReference; lastKnownFileType = text.plist.xml; path = Info.plist; sourceTree = "<group>"; };
		326246F81BC1896800A8678C /* DSC_7027.JPG */ = {isa = PBXFileReference; lastKnownFileType = image.jpeg; path = DSC_7027.JPG; sourceTree = "<group>"; };
/* End PBXFileReference section */

/* Begin PBXFrameworksBuildPhase section */
		326246E01BC1884200A8678C /* Frameworks */ = {
			isa = PBXFrameworksBuildPhase;
			buildActionMask = 2147483647;
			files = (
			);
			runOnlyForDeploymentPostprocessing = 0;
		};
/* End PBXFrameworksBuildPhase section */

/* Begin PBXGroup section */
		326246DA1BC1884200A8678C = {
			isa = PBXGroup;
			children = (
				326246E51BC1884200A8678C /* What is the Weather */,
				326246E41BC1884200A8678C /* Products */,
			);
			sourceTree = "<group>";
		};
		326246E41BC1884200A8678C /* Products */ = {
			isa = PBXGroup;
			children = (
				326246E31BC1884200A8678C /* What is the Weather.app */,
			);
			name = Products;
			sourceTree = "<group>";
		};
		326246E51BC1884200A8678C /* What is the Weather */ = {
			isa = PBXGroup;
			children = (
				326246E61BC1884200A8678C /* AppDelegate.swift */,
				326246E81BC1884200A8678C /* ViewController.swift */,
				326246EA1BC1884200A8678C /* Main.storyboard */,
				326246ED1BC1884200A8678C /* Assets.xcassets */,
				326246EF1BC1884200A8678C /* LaunchScreen.storyboard */,
				326246F81BC1896800A8678C /* DSC_7027.JPG */,
				326246F21BC1884200A8678C /* Info.plist */,
			);
			path = "What is the Weather";
			sourceTree = "<group>";
		};
/* End PBXGroup section */

/* Begin PBXNativeTarget section */
		326246E21BC1884200A8678C /* What is the Weather */ = {
			isa = PBXNativeTarget;
			buildConfigurationList = 326246F51BC1884200A8678C /* Build configuration list for PBXNativeTarget "What is the Weather" */;
			buildPhases = (
				326246DF1BC1884200A8678C /* Sources */,
				326246E01BC1884200A8678C /* Frameworks */,
				326246E11BC1884200A8678C /* Resources */,
			);
			buildRules = (
			);
			dependencies = (
			);
			name = "What is the Weather";
			productName = "What is the Weather";
			productReference = 326246E31BC1884200A8678C /* What is the Weather.app */;
			productType = "com.apple.product-type.application";
		};
/* End PBXNativeTarget section */

/* Begin PBXProject section */
		326246DB1BC1884200A8678C /* Project object */ = {
			isa = PBXProject;
			attributes = {
				LastUpgradeCheck = 0700;
				ORGANIZATIONNAME = "John Maddux";
				TargetAttributes = {
					326246E21BC1884200A8678C = {
						CreatedOnToolsVersion = 7.0.1;
						DevelopmentTeam = JBT269V3SY;
					};
				};
			};
			buildConfigurationList = 326246DE1BC1884200A8678C /* Build configuration list for PBXProject "What is the Weather" */;
			compatibilityVersion = "Xcode 3.2";
			developmentRegion = English;
			hasScannedForEncodings = 0;
			knownRegions = (
				en,
				Base,
			);
			mainGroup = 326246DA1BC1884200A8678C;
			productRefGroup = 326246E41BC1884200A8678C /* Products */;
			projectDirPath = "";
			projectRoot = "";
			targets = (
				326246E21BC1884200A8678C /* What is the Weather */,
			);
		};
/* End PBXProject section */

/* Begin PBXResourcesBuildPhase section */
		326246E11BC1884200A8678C /* Resources */ = {
			isa = PBXResourcesBuildPhase;
			buildActionMask = 2147483647;
			files = (
				326246F91BC1896800A8678C /* DSC_7027.JPG in Resources */,
				326246F11BC1884200A8678C /* LaunchScreen.storyboard in Resources */,
				326246EE1BC1884200A8678C /* Assets.xcassets in Resources */,
				326246EC1BC1884200A8678C /* Main.storyboard in Resources */,
			);
			runOnlyForDeploymentPostprocessing = 0;
		};
/* End PBXResourcesBuildPhase section */

/* Begin PBXSourcesBuildPhase section */
		326246DF1BC1884200A8678C /* Sources */ = {
			isa = PBXSourcesBuildPhase;
			buildActionMask = 2147483647;
			files = (
				326246E91BC1884200A8678C /* ViewController.swift in Sources */,
				326246E71BC1884200A8678C /* AppDelegate.swift in Sources */,
			);
			runOnlyForDeploymentPostprocessing = 0;
		};
/* End PBXSourcesBuildPhase section */

/* Begin PBXVariantGroup section */
		326246EA1BC1884200A8678C /* Main.storyboard */ = {
			isa = PBXVariantGroup;
			children = (
				326246EB1BC1884200A8678C /* Base */,
			);
			name = Main.storyboard;
			sourceTree = "<group>";
		};
		326246EF1BC1884200A8678C /* LaunchScreen.storyboard */ = {
			isa = PBXVariantGroup;
			children = (
				326246F01BC1884200A8678C /* Base */,
			);
			name = LaunchScreen.storyboard;
			sourceTree = "<group>";
		};
/* End PBXVariantGroup section */

/* Begin XCBuildConfiguration section */
		326246F31BC1884200A8678C /* Debug */ = {
			isa = XCBuildConfiguration;
			buildSettings = {
				ALWAYS_SEARCH_USER_PATHS = NO;
				CLANG_CXX_LANGUAGE_STANDARD = "gnu++0x";
				CLANG_CXX_LIBRARY = "libc++";
				CLANG_ENABLE_MODULES = YES;
				CLANG_ENABLE_OBJC_ARC = YES;
				CLANG_WARN_BOOL_CONVERSION = YES;
				CLANG_WARN_CONSTANT_CONVERSION = YES;
				CLANG_WARN_DIRECT_OBJC_ISA_USAGE = YES_ERROR;
				CLANG_WARN_EMPTY_BODY = YES;
				CLANG_WARN_ENUM_CONVERSION = YES;
				CLANG_WARN_INT_CONVERSION = YES;
				CLANG_WARN_OBJC_ROOT_CLASS = YES_ERROR;
				CLANG_WARN_UNREACHABLE_CODE = YES;
				CLANG_WARN__DUPLICATE_METHOD_MATCH = YES;
				"CODE_SIGN_IDENTITY[sdk=iphoneos*]" = "iPhone Developer";
				COPY_PHASE_STRIP = NO;
				DEBUG_INFORMATION_FORMAT = dwarf;
				ENABLE_STRICT_OBJC_MSGSEND = YES;
				ENABLE_TESTABILITY = YES;
				GCC_C_LANGUAGE_STANDARD = gnu99;
				GCC_DYNAMIC_NO_PIC = NO;
				GCC_NO_COMMON_BLOCKS = YES;
				GCC_OPTIMIZATION_LEVEL = 0;
				GCC_PREPROCESSOR_DEFINITIONS = (
					"DEBUG=1",
					"$(inherited)",
				);
				GCC_WARN_64_TO_32_BIT_CONVERSION = YES;
				GCC_WARN_ABOUT_RETURN_TYPE = YES_ERROR;
				GCC_WARN_UNDECLARED_SELECTOR = YES;
				GCC_WARN_UNINITIALIZED_AUTOS = YES_AGGRESSIVE;
				GCC_WARN_UNUSED_FUNCTION = YES;
				GCC_WARN_UNUSED_VARIABLE = YES;
				IPHONEOS_DEPLOYMENT_TARGET = 9.0;
				MTL_ENABLE_DEBUG_INFO = YES;
				ONLY_ACTIVE_ARCH = YES;
				SDKROOT = iphoneos;
				SWIFT_OPTIMIZATION_LEVEL = "-Onone";
			};
			name = Debug;
		};
		326246F41BC1884200A8678C /* Release */ = {
			isa = XCBuildConfiguration;
			buildSettings = {
				ALWAYS_SEARCH_USER_PATHS = NO;
				CLANG_CXX_LANGUAGE_STANDARD = "gnu++0x";
				CLANG_CXX_LIBRARY = "libc++";
				CLANG_ENABLE_MODULES = YES;
				CLANG_ENABLE_OBJC_ARC = YES;
				CLANG_WARN_BOOL_CONVERSION = YES;
				CLANG_WARN_CONSTANT_CONVERSION = YES;
				CLANG_WARN_DIRECT_OBJC_ISA_USAGE = YES_ERROR;
				CLANG_WARN_EMPTY_BODY = YES;
				CLANG_WARN_ENUM_CONVERSION = YES;
				CLANG_WARN_INT_CONVERSION = YES;
				CLANG_WARN_OBJC_ROOT_CLASS = YES_ERROR;
				CLANG_WARN_UNREACHABLE_CODE = YES;
				CLANG_WARN__DUPLICATE_METHOD_MATCH = YES;
				"CODE_SIGN_IDENTITY[sdk=iphoneos*]" = "iPhone Developer";
				COPY_PHASE_STRIP = NO;
				DEBUG_INFORMATION_FORMAT = "dwarf-with-dsym";
				ENABLE_NS_ASSERTIONS = NO;
				ENABLE_STRICT_OBJC_MSGSEND = YES;
				GCC_C_LANGUAGE_STANDARD = gnu99;
				GCC_NO_COMMON_BLOCKS = YES;
				GCC_WARN_64_TO_32_BIT_CONVERSION = YES;
				GCC_WARN_ABOUT_RETURN_TYPE = YES_ERROR;
				GCC_WARN_UNDECLARED_SELECTOR = YES;
				GCC_WARN_UNINITIALIZED_AUTOS = YES_AGGRESSIVE;
				GCC_WARN_UNUSED_FUNCTION = YES;
				GCC_WARN_UNUSED_VARIABLE = YES;
				IPHONEOS_DEPLOYMENT_TARGET = 9.0;
				MTL_ENABLE_DEBUG_INFO = NO;
				SDKROOT = iphoneos;
				VALIDATE_PRODUCT = YES;
			};
			name = Release;
		};
		326246F61BC1884200A8678C /* Debug */ = {
			isa = XCBuildConfiguration;
			buildSettings = {
				ASSETCATALOG_COMPILER_APPICON_NAME = AppIcon;
				INFOPLIST_FILE = "What is the Weather/Info.plist";
				LD_RUNPATH_SEARCH_PATHS = "$(inherited) @executable_path/Frameworks";
				PRODUCT_BUNDLE_IDENTIFIER = "com.jemaddux.What-is-the-Weather";
				PRODUCT_NAME = "$(TARGET_NAME)";
			};
			name = Debug;
		};
		326246F71BC1884200A8678C /* Release */ = {
			isa = XCBuildConfiguration;
			buildSettings = {
				ASSETCATALOG_COMPILER_APPICON_NAME = AppIcon;
				INFOPLIST_FILE = "What is the Weather/Info.plist";
				LD_RUNPATH_SEARCH_PATHS = "$(inherited) @executable_path/Frameworks";
				PRODUCT_BUNDLE_IDENTIFIER = "com.jemaddux.What-is-the-Weather";
				PRODUCT_NAME = "$(TARGET_NAME)";
			};
			name = Release;
		};
/* End XCBuildConfiguration section */

/* Begin XCConfigurationList section */
		326246DE1BC1884200A8678C /* Build configuration list for PBXProject "What is the Weather" */ = {
			isa = XCConfigurationList;
			buildConfigurations = (
				326246F31BC1884200A8678C /* Debug */,
				326246F41BC1884200A8678C /* Release */,
			);
			defaultConfigurationIsVisible = 0;
			defaultConfigurationName = Release;
		};
		326246F51BC1884200A8678C /* Build configuration list for PBXNativeTarget "What is the Weather" */ = {
			isa = XCConfigurationList;
			buildConfigurations = (
				326246F61BC1884200A8678C /* Debug */,
				326246F71BC1884200A8678C /* Release */,
			);
			defaultConfigurationIsVisible = 0;
		};
/* End XCConfigurationList section */
	};
	rootObject = 326246DB1BC1884200A8678C /* Project object */;
}
